
Microsoft Visual Studio Solution File, Format Version 12.00
# Visual Studio Version 17
VisualStudioVersion = 17.3.32825.248
MinimumVisualStudioVersion = 10.0.40219.1
Project("{8BC9CEB8-8B4A-11D0-8D11-00A0C91BC942}") = "OS05_01", "OS05_01\OS05_01.vcxproj", "{4042D0A7-2091-4BA6-9102-7B0274BFA187}"
EndProject
Project("{8BC9CEB8-8B4A-11D0-8D11-00A0C91BC942}") = "OS05_02x", "OS05_02x\OS05_02x.vcxproj", "{50A8AC06-5AE6-413B-91BC-03940CD7655B}"
EndProject
Project("{8BC9CEB8-8B4A-11D0-8D11-00A0C91BC942}") = "OS05_02", "OS05_02\OS05_02.vcxproj", "{B6EB938B-7C05-4D4D-9B6C-3939A0C66860}"
EndProject
Project("{8BC9CEB8-8B4A-11D0-8D11-00A0C91BC942}") = "OS05_03", "OS05_03\OS05_03.vcxproj", "{A72BF148-88AC-4387-91E1-4EDFF6C3A498}"
EndProject
Global
	GlobalSection(SolutionConfigurationPlatforms) = preSolution
		Debug|x64 = Debug|x64
		Debug|x86 = Debug|x86
		Release|x64 = Release|x64
		Release|x86 = Release|x86
	EndGlobalSection
	GlobalSection(ProjectConfigurationPlatforms) = postSolution
		{4042D0A7-2091-4BA6-9102-7B0274BFA187}.Debug|x64.ActiveCfg = Debug|x64
		{4042D0A7-2091-4BA6-9102-7B0274BFA187}.Debug|x64.Build.0 = Debug|x64
		{4042D0A7-2091-4BA6-9102-7B0274BFA187}.Debug|x86.ActiveCfg = Debug|Win32
		{4042D0A7-2091-4BA6-9102-7B0274BFA187}.Debug|x86.Build.0 = Debug|Win32
		{4042D0A7-2091-4BA6-9102-7B0274BFA187}.Release|x64.ActiveCfg = Release|x64
		{4042D0A7-2091-4BA6-9102-7B0274BFA187}.Release|x64.Build.0 = Release|x64
		{4042D0A7-2091-4BA6-9102-7B0274BFA187}.Release|x86.ActiveCfg = Release|Win32
		{4042D0A7-2091-4BA6-9102-7B0274BFA187}.Release|x86.Build.0 = Release|Win32
		{50A8AC06-5AE6-413B-91BC-03940CD7655B}.Debug|x64.ActiveCfg = Debug|x64
		{50A8AC06-5AE6-413B-91BC-03940CD7655B}.Debug|x64.Build.0 = Debug|x64
		{50A8AC06-5AE6-413B-91BC-03940CD7655B}.Debug|x86.ActiveCfg = Debug|Win32
		{50A8AC06-5AE6-413B-91BC-03940CD7655B}.Debug|x86.Build.0 = Debug|Win32
		{50A8AC06-5AE6-413B-91BC-03940CD7655B}.Release|x64.ActiveCfg = Release|x64
		{50A8AC06-5AE6-413B-91BC-03940CD7655B}.Release|x64.Build.0 = Release|x64
		{50A8AC06-5AE6-413B-91BC-03940CD7655B}.Release|x86.ActiveCfg = Release|Win32
		{50A8AC06-5AE6-413B-91BC-03940CD7655B}.Release|x86.Build.0 = Release|Win32
		{B6EB938B-7C05-4D4D-9B6C-3939A0C66860}.Debug|x64.ActiveCfg = Debug|x64
		{B6EB938B-7C05-4D4D-9B6C-3939A0C66860}.Debug|x64.Build.0 = Debug|x64
		{B6EB938B-7C05-4D4D-9B6C-3939A0C66860}.Debug|x86.ActiveCfg = Debug|Win32
		{B6EB938B-7C05-4D4D-9B6C-3939A0C66860}.Debug|x86.Build.0 = Debug|Win32
		{B6EB938B-7C05-4D4D-9B6C-3939A0C66860}.Release|x64.ActiveCfg = Release|x64
		{B6EB938B-7C05-4D4D-9B6C-3939A0C66860}.Release|x64.Build.0 = Release|x64
		{B6EB938B-7C05-4D4D-9B6C-3939A0C66860}.Release|x86.ActiveCfg = Release|Win32
		{B6EB938B-7C05-4D4D-9B6C-3939A0C66860}.Release|x86.Build.0 = Release|Win32
		{A72BF148-88AC-4387-91E1-4EDFF6C3A498}.Debug|x64.ActiveCfg = Debug|x64
		{A72BF148-88AC-4387-91E1-4EDFF6C3A498}.Debug|x64.Build.0 = Debug|x64
		{A72BF148-88AC-4387-91E1-4EDFF6C3A498}.Debug|x86.ActiveCfg = Debug|Win32
		{A72BF148-88AC-4387-91E1-4EDFF6C3A498}.Debug|x86.Build.0 = Debug|Win32
		{A72BF148-88AC-4387-91E1-4EDFF6C3A498}.Release|x64.ActiveCfg = Release|x64
		{A72BF148-88AC-4387-91E1-4EDFF6C3A498}.Release|x64.Build.0 = Release|x64
		{A72BF148-88AC-4387-91E1-4EDFF6C3A498}.Release|x86.ActiveCfg = Release|Win32
		{A72BF148-88AC-4387-91E1-4EDFF6C3A498}.Release|x86.Build.0 = Release|Win32
	EndGlobalSection
	GlobalSection(SolutionProperties) = preSolution
		HideSolutionNode = FALSE
	EndGlobalSection
	GlobalSection(ExtensibilityGlobals) = postSolution
		SolutionGuid = {49F771AD-F619-4E40-B912-212E21C1EA0B}
	EndGlobalSection
EndGlobal
