
Microsoft Visual Studio Solution File, Format Version 12.00
# Visual Studio Version 17
VisualStudioVersion = 17.4.33110.190
MinimumVisualStudioVersion = 10.0.40219.1
Project("{8BC9CEB8-8B4A-11D0-8D11-00A0C91BC942}") = "OS07_02", "OS07_02\OS07_02.vcxproj", "{82418113-4C8A-4CE5-8FE9-50D5593E2F40}"
EndProject
Project("{8BC9CEB8-8B4A-11D0-8D11-00A0C91BC942}") = "OS07_03A", "OS07_03A\OS07_03A.vcxproj", "{CF38B6FD-8A1A-43A5-A6D7-859C8A3264C0}"
EndProject
Project("{8BC9CEB8-8B4A-11D0-8D11-00A0C91BC942}") = "OS07_03", "OS07_03\OS07_03.vcxproj", "{52E65D98-B20A-44D3-945C-7606A6025F3A}"
	ProjectSection(ProjectDependencies) = postProject
		{261DDE52-2395-4F59-A8EC-F8109DE5CEF1} = {261DDE52-2395-4F59-A8EC-F8109DE5CEF1}
		{CF38B6FD-8A1A-43A5-A6D7-859C8A3264C0} = {CF38B6FD-8A1A-43A5-A6D7-859C8A3264C0}
	EndProjectSection
EndProject
Project("{8BC9CEB8-8B4A-11D0-8D11-00A0C91BC942}") = "OS07_03B", "OS07_03B\OS07_03B.vcxproj", "{261DDE52-2395-4F59-A8EC-F8109DE5CEF1}"
EndProject
Project("{8BC9CEB8-8B4A-11D0-8D11-00A0C91BC942}") = "OS07_04", "OS07_04\OS07_04.vcxproj", "{1E957E2F-A6BD-4C08-9D4C-47EC8A8A9C14}"
	ProjectSection(ProjectDependencies) = postProject
		{73C0EDA3-24DC-41BC-8E5D-3B6AC0DAD901} = {73C0EDA3-24DC-41BC-8E5D-3B6AC0DAD901}
		{CF8D1A85-25FC-4C3A-8277-E6B4ADEC011E} = {CF8D1A85-25FC-4C3A-8277-E6B4ADEC011E}
	EndProjectSection
EndProject
Project("{8BC9CEB8-8B4A-11D0-8D11-00A0C91BC942}") = "OS07_04A", "OS07_04A\OS07_04A.vcxproj", "{CF8D1A85-25FC-4C3A-8277-E6B4ADEC011E}"
EndProject
Project("{8BC9CEB8-8B4A-11D0-8D11-00A0C91BC942}") = "OS07_04B", "OS07_04B\OS07_04B.vcxproj", "{73C0EDA3-24DC-41BC-8E5D-3B6AC0DAD901}"
EndProject
Project("{8BC9CEB8-8B4A-11D0-8D11-00A0C91BC942}") = "OS07_05", "OS07_05\OS07_05.vcxproj", "{E424B295-45DA-4371-BBDD-D92ACC78319C}"
	ProjectSection(ProjectDependencies) = postProject
		{A283D3DD-7A4D-45A9-B442-434AAF378285} = {A283D3DD-7A4D-45A9-B442-434AAF378285}
		{B4A30F61-003B-4ACE-8ADA-5BD3BDDC61FA} = {B4A30F61-003B-4ACE-8ADA-5BD3BDDC61FA}
	EndProjectSection
EndProject
Project("{8BC9CEB8-8B4A-11D0-8D11-00A0C91BC942}") = "OS07_05A", "OS07_05A\OS07_05A.vcxproj", "{A283D3DD-7A4D-45A9-B442-434AAF378285}"
EndProject
Project("{8BC9CEB8-8B4A-11D0-8D11-00A0C91BC942}") = "OS07_05B", "OS07_05B\OS07_05B.vcxproj", "{B4A30F61-003B-4ACE-8ADA-5BD3BDDC61FA}"
EndProject
Project("{8BC9CEB8-8B4A-11D0-8D11-00A0C91BC942}") = "OS07_01", "OS07_01\OS07_01.vcxproj", "{CF96A9CC-310D-441C-BF62-295F041A6BAC}"
EndProject
Global
	GlobalSection(SolutionConfigurationPlatforms) = preSolution
		Debug|x64 = Debug|x64
		Debug|x86 = Debug|x86
		Release|x64 = Release|x64
		Release|x86 = Release|x86
	EndGlobalSection
	GlobalSection(ProjectConfigurationPlatforms) = postSolution
		{82418113-4C8A-4CE5-8FE9-50D5593E2F40}.Debug|x64.ActiveCfg = Debug|x64
		{82418113-4C8A-4CE5-8FE9-50D5593E2F40}.Debug|x64.Build.0 = Debug|x64
		{82418113-4C8A-4CE5-8FE9-50D5593E2F40}.Debug|x86.ActiveCfg = Debug|Win32
		{82418113-4C8A-4CE5-8FE9-50D5593E2F40}.Debug|x86.Build.0 = Debug|Win32
		{82418113-4C8A-4CE5-8FE9-50D5593E2F40}.Release|x64.ActiveCfg = Release|x64
		{82418113-4C8A-4CE5-8FE9-50D5593E2F40}.Release|x64.Build.0 = Release|x64
		{82418113-4C8A-4CE5-8FE9-50D5593E2F40}.Release|x86.ActiveCfg = Release|Win32
		{82418113-4C8A-4CE5-8FE9-50D5593E2F40}.Release|x86.Build.0 = Release|Win32
		{CF38B6FD-8A1A-43A5-A6D7-859C8A3264C0}.Debug|x64.ActiveCfg = Debug|x64
		{CF38B6FD-8A1A-43A5-A6D7-859C8A3264C0}.Debug|x64.Build.0 = Debug|x64
		{CF38B6FD-8A1A-43A5-A6D7-859C8A3264C0}.Debug|x86.ActiveCfg = Debug|Win32
		{CF38B6FD-8A1A-43A5-A6D7-859C8A3264C0}.Debug|x86.Build.0 = Debug|Win32
		{CF38B6FD-8A1A-43A5-A6D7-859C8A3264C0}.Release|x64.ActiveCfg = Release|x64
		{CF38B6FD-8A1A-43A5-A6D7-859C8A3264C0}.Release|x64.Build.0 = Release|x64
		{CF38B6FD-8A1A-43A5-A6D7-859C8A3264C0}.Release|x86.ActiveCfg = Release|Win32
		{CF38B6FD-8A1A-43A5-A6D7-859C8A3264C0}.Release|x86.Build.0 = Release|Win32
		{52E65D98-B20A-44D3-945C-7606A6025F3A}.Debug|x64.ActiveCfg = Debug|x64
		{52E65D98-B20A-44D3-945C-7606A6025F3A}.Debug|x64.Build.0 = Debug|x64
		{52E65D98-B20A-44D3-945C-7606A6025F3A}.Debug|x86.ActiveCfg = Debug|Win32
		{52E65D98-B20A-44D3-945C-7606A6025F3A}.Debug|x86.Build.0 = Debug|Win32
		{52E65D98-B20A-44D3-945C-7606A6025F3A}.Release|x64.ActiveCfg = Release|x64
		{52E65D98-B20A-44D3-945C-7606A6025F3A}.Release|x64.Build.0 = Release|x64
		{52E65D98-B20A-44D3-945C-7606A6025F3A}.Release|x86.ActiveCfg = Release|Win32
		{52E65D98-B20A-44D3-945C-7606A6025F3A}.Release|x86.Build.0 = Release|Win32
		{261DDE52-2395-4F59-A8EC-F8109DE5CEF1}.Debug|x64.ActiveCfg = Debug|x64
		{261DDE52-2395-4F59-A8EC-F8109DE5CEF1}.Debug|x64.Build.0 = Debug|x64
		{261DDE52-2395-4F59-A8EC-F8109DE5CEF1}.Debug|x86.ActiveCfg = Debug|Win32
		{261DDE52-2395-4F59-A8EC-F8109DE5CEF1}.Debug|x86.Build.0 = Debug|Win32
		{261DDE52-2395-4F59-A8EC-F8109DE5CEF1}.Release|x64.ActiveCfg = Release|x64
		{261DDE52-2395-4F59-A8EC-F8109DE5CEF1}.Release|x64.Build.0 = Release|x64
		{261DDE52-2395-4F59-A8EC-F8109DE5CEF1}.Release|x86.ActiveCfg = Release|Win32
		{261DDE52-2395-4F59-A8EC-F8109DE5CEF1}.Release|x86.Build.0 = Release|Win32
		{1E957E2F-A6BD-4C08-9D4C-47EC8A8A9C14}.Debug|x64.ActiveCfg = Debug|x64
		{1E957E2F-A6BD-4C08-9D4C-47EC8A8A9C14}.Debug|x64.Build.0 = Debug|x64
		{1E957E2F-A6BD-4C08-9D4C-47EC8A8A9C14}.Debug|x86.ActiveCfg = Debug|Win32
		{1E957E2F-A6BD-4C08-9D4C-47EC8A8A9C14}.Debug|x86.Build.0 = Debug|Win32
		{1E957E2F-A6BD-4C08-9D4C-47EC8A8A9C14}.Release|x64.ActiveCfg = Release|x64
		{1E957E2F-A6BD-4C08-9D4C-47EC8A8A9C14}.Release|x64.Build.0 = Release|x64
		{1E957E2F-A6BD-4C08-9D4C-47EC8A8A9C14}.Release|x86.ActiveCfg = Release|Win32
		{1E957E2F-A6BD-4C08-9D4C-47EC8A8A9C14}.Release|x86.Build.0 = Release|Win32
		{CF8D1A85-25FC-4C3A-8277-E6B4ADEC011E}.Debug|x64.ActiveCfg = Debug|x64
		{CF8D1A85-25FC-4C3A-8277-E6B4ADEC011E}.Debug|x64.Build.0 = Debug|x64
		{CF8D1A85-25FC-4C3A-8277-E6B4ADEC011E}.Debug|x86.ActiveCfg = Debug|Win32
		{CF8D1A85-25FC-4C3A-8277-E6B4ADEC011E}.Debug|x86.Build.0 = Debug|Win32
		{CF8D1A85-25FC-4C3A-8277-E6B4ADEC011E}.Release|x64.ActiveCfg = Release|x64
		{CF8D1A85-25FC-4C3A-8277-E6B4ADEC011E}.Release|x64.Build.0 = Release|x64
		{CF8D1A85-25FC-4C3A-8277-E6B4ADEC011E}.Release|x86.ActiveCfg = Release|Win32
		{CF8D1A85-25FC-4C3A-8277-E6B4ADEC011E}.Release|x86.Build.0 = Release|Win32
		{73C0EDA3-24DC-41BC-8E5D-3B6AC0DAD901}.Debug|x64.ActiveCfg = Debug|x64
		{73C0EDA3-24DC-41BC-8E5D-3B6AC0DAD901}.Debug|x64.Build.0 = Debug|x64
		{73C0EDA3-24DC-41BC-8E5D-3B6AC0DAD901}.Debug|x86.ActiveCfg = Debug|Win32
		{73C0EDA3-24DC-41BC-8E5D-3B6AC0DAD901}.Debug|x86.Build.0 = Debug|Win32
		{73C0EDA3-24DC-41BC-8E5D-3B6AC0DAD901}.Release|x64.ActiveCfg = Release|x64
		{73C0EDA3-24DC-41BC-8E5D-3B6AC0DAD901}.Release|x64.Build.0 = Release|x64
		{73C0EDA3-24DC-41BC-8E5D-3B6AC0DAD901}.Release|x86.ActiveCfg = Release|Win32
		{73C0EDA3-24DC-41BC-8E5D-3B6AC0DAD901}.Release|x86.Build.0 = Release|Win32
		{E424B295-45DA-4371-BBDD-D92ACC78319C}.Debug|x64.ActiveCfg = Debug|x64
		{E424B295-45DA-4371-BBDD-D92ACC78319C}.Debug|x64.Build.0 = Debug|x64
		{E424B295-45DA-4371-BBDD-D92ACC78319C}.Debug|x86.ActiveCfg = Debug|Win32
		{E424B295-45DA-4371-BBDD-D92ACC78319C}.Debug|x86.Build.0 = Debug|Win32
		{E424B295-45DA-4371-BBDD-D92ACC78319C}.Release|x64.ActiveCfg = Release|x64
		{E424B295-45DA-4371-BBDD-D92ACC78319C}.Release|x64.Build.0 = Release|x64
		{E424B295-45DA-4371-BBDD-D92ACC78319C}.Release|x86.ActiveCfg = Release|Win32
		{E424B295-45DA-4371-BBDD-D92ACC78319C}.Release|x86.Build.0 = Release|Win32
		{A283D3DD-7A4D-45A9-B442-434AAF378285}.Debug|x64.ActiveCfg = Debug|x64
		{A283D3DD-7A4D-45A9-B442-434AAF378285}.Debug|x64.Build.0 = Debug|x64
		{A283D3DD-7A4D-45A9-B442-434AAF378285}.Debug|x86.ActiveCfg = Debug|Win32
		{A283D3DD-7A4D-45A9-B442-434AAF378285}.Debug|x86.Build.0 = Debug|Win32
		{A283D3DD-7A4D-45A9-B442-434AAF378285}.Release|x64.ActiveCfg = Release|x64
		{A283D3DD-7A4D-45A9-B442-434AAF378285}.Release|x64.Build.0 = Release|x64
		{A283D3DD-7A4D-45A9-B442-434AAF378285}.Release|x86.ActiveCfg = Release|Win32
		{A283D3DD-7A4D-45A9-B442-434AAF378285}.Release|x86.Build.0 = Release|Win32
		{B4A30F61-003B-4ACE-8ADA-5BD3BDDC61FA}.Debug|x64.ActiveCfg = Debug|x64
		{B4A30F61-003B-4ACE-8ADA-5BD3BDDC61FA}.Debug|x64.Build.0 = Debug|x64
		{B4A30F61-003B-4ACE-8ADA-5BD3BDDC61FA}.Debug|x86.ActiveCfg = Debug|Win32
		{B4A30F61-003B-4ACE-8ADA-5BD3BDDC61FA}.Debug|x86.Build.0 = Debug|Win32
		{B4A30F61-003B-4ACE-8ADA-5BD3BDDC61FA}.Release|x64.ActiveCfg = Release|x64
		{B4A30F61-003B-4ACE-8ADA-5BD3BDDC61FA}.Release|x64.Build.0 = Release|x64
		{B4A30F61-003B-4ACE-8ADA-5BD3BDDC61FA}.Release|x86.ActiveCfg = Release|Win32
		{B4A30F61-003B-4ACE-8ADA-5BD3BDDC61FA}.Release|x86.Build.0 = Release|Win32
		{CF96A9CC-310D-441C-BF62-295F041A6BAC}.Debug|x64.ActiveCfg = Debug|x64
		{CF96A9CC-310D-441C-BF62-295F041A6BAC}.Debug|x64.Build.0 = Debug|x64
		{CF96A9CC-310D-441C-BF62-295F041A6BAC}.Debug|x86.ActiveCfg = Debug|Win32
		{CF96A9CC-310D-441C-BF62-295F041A6BAC}.Debug|x86.Build.0 = Debug|Win32
		{CF96A9CC-310D-441C-BF62-295F041A6BAC}.Release|x64.ActiveCfg = Release|x64
		{CF96A9CC-310D-441C-BF62-295F041A6BAC}.Release|x64.Build.0 = Release|x64
		{CF96A9CC-310D-441C-BF62-295F041A6BAC}.Release|x86.ActiveCfg = Release|Win32
		{CF96A9CC-310D-441C-BF62-295F041A6BAC}.Release|x86.Build.0 = Release|Win32
	EndGlobalSection
	GlobalSection(SolutionProperties) = preSolution
		HideSolutionNode = FALSE
	EndGlobalSection
	GlobalSection(ExtensibilityGlobals) = postSolution
		SolutionGuid = {BA62E303-9945-4E43-9FDE-6BE45AC546C4}
	EndGlobalSection
EndGlobal
