
Microsoft Visual Studio Solution File, Format Version 12.00
# Visual Studio Version 17
VisualStudioVersion = 17.4.33110.190
MinimumVisualStudioVersion = 10.0.40219.1
Project("{8BC9CEB8-8B4A-11D0-8D11-00A0C91BC942}") = "OS06_02", "OS06_02\OS06_02.vcxproj", "{F9286D19-4E36-42E4-83DD-78D161D4A942}"
EndProject
Project("{8BC9CEB8-8B4A-11D0-8D11-00A0C91BC942}") = "OS06_03", "OS06_03\OS06_03.vcxproj", "{6E941562-6344-482D-BF95-FF6D5DDA126F}"
EndProject
Project("{8BC9CEB8-8B4A-11D0-8D11-00A0C91BC942}") = "OS06_04", "OS06_04\OS06_04.vcxproj", "{27D2DE87-779C-46C8-920F-B4A30A3C0AD5}"
EndProject
Project("{8BC9CEB8-8B4A-11D0-8D11-00A0C91BC942}") = "OS06_05", "OS06_05\OS06_05.vcxproj", "{C9189768-C351-40BF-88BC-C804BD4FC16B}"
EndProject
Global
	GlobalSection(SolutionConfigurationPlatforms) = preSolution
		Debug|x64 = Debug|x64
		Debug|x86 = Debug|x86
		Release|x64 = Release|x64
		Release|x86 = Release|x86
	EndGlobalSection
	GlobalSection(ProjectConfigurationPlatforms) = postSolution
		{F9286D19-4E36-42E4-83DD-78D161D4A942}.Debug|x64.ActiveCfg = Debug|x64
		{F9286D19-4E36-42E4-83DD-78D161D4A942}.Debug|x64.Build.0 = Debug|x64
		{F9286D19-4E36-42E4-83DD-78D161D4A942}.Debug|x86.ActiveCfg = Debug|Win32
		{F9286D19-4E36-42E4-83DD-78D161D4A942}.Debug|x86.Build.0 = Debug|Win32
		{F9286D19-4E36-42E4-83DD-78D161D4A942}.Release|x64.ActiveCfg = Release|x64
		{F9286D19-4E36-42E4-83DD-78D161D4A942}.Release|x64.Build.0 = Release|x64
		{F9286D19-4E36-42E4-83DD-78D161D4A942}.Release|x86.ActiveCfg = Release|Win32
		{F9286D19-4E36-42E4-83DD-78D161D4A942}.Release|x86.Build.0 = Release|Win32
		{6E941562-6344-482D-BF95-FF6D5DDA126F}.Debug|x64.ActiveCfg = Debug|x64
		{6E941562-6344-482D-BF95-FF6D5DDA126F}.Debug|x64.Build.0 = Debug|x64
		{6E941562-6344-482D-BF95-FF6D5DDA126F}.Debug|x86.ActiveCfg = Debug|Win32
		{6E941562-6344-482D-BF95-FF6D5DDA126F}.Debug|x86.Build.0 = Debug|Win32
		{6E941562-6344-482D-BF95-FF6D5DDA126F}.Release|x64.ActiveCfg = Release|x64
		{6E941562-6344-482D-BF95-FF6D5DDA126F}.Release|x64.Build.0 = Release|x64
		{6E941562-6344-482D-BF95-FF6D5DDA126F}.Release|x86.ActiveCfg = Release|Win32
		{6E941562-6344-482D-BF95-FF6D5DDA126F}.Release|x86.Build.0 = Release|Win32
		{27D2DE87-779C-46C8-920F-B4A30A3C0AD5}.Debug|x64.ActiveCfg = Debug|x64
		{27D2DE87-779C-46C8-920F-B4A30A3C0AD5}.Debug|x64.Build.0 = Debug|x64
		{27D2DE87-779C-46C8-920F-B4A30A3C0AD5}.Debug|x86.ActiveCfg = Debug|Win32
		{27D2DE87-779C-46C8-920F-B4A30A3C0AD5}.Debug|x86.Build.0 = Debug|Win32
		{27D2DE87-779C-46C8-920F-B4A30A3C0AD5}.Release|x64.ActiveCfg = Release|x64
		{27D2DE87-779C-46C8-920F-B4A30A3C0AD5}.Release|x64.Build.0 = Release|x64
		{27D2DE87-779C-46C8-920F-B4A30A3C0AD5}.Release|x86.ActiveCfg = Release|Win32
		{27D2DE87-779C-46C8-920F-B4A30A3C0AD5}.Release|x86.Build.0 = Release|Win32
		{C9189768-C351-40BF-88BC-C804BD4FC16B}.Debug|x64.ActiveCfg = Debug|x64
		{C9189768-C351-40BF-88BC-C804BD4FC16B}.Debug|x64.Build.0 = Debug|x64
		{C9189768-C351-40BF-88BC-C804BD4FC16B}.Debug|x86.ActiveCfg = Debug|Win32
		{C9189768-C351-40BF-88BC-C804BD4FC16B}.Debug|x86.Build.0 = Debug|Win32
		{C9189768-C351-40BF-88BC-C804BD4FC16B}.Release|x64.ActiveCfg = Release|x64
		{C9189768-C351-40BF-88BC-C804BD4FC16B}.Release|x64.Build.0 = Release|x64
		{C9189768-C351-40BF-88BC-C804BD4FC16B}.Release|x86.ActiveCfg = Release|Win32
		{C9189768-C351-40BF-88BC-C804BD4FC16B}.Release|x86.Build.0 = Release|Win32
	EndGlobalSection
	GlobalSection(SolutionProperties) = preSolution
		HideSolutionNode = FALSE
	EndGlobalSection
	GlobalSection(ExtensibilityGlobals) = postSolution
		SolutionGuid = {9E907C84-81C1-46C9-947B-CC92117DF144}
	EndGlobalSection
EndGlobal
